# This file is automatically @generated by Cargo.
# It is not intended for manual editing.
[[package]]
name = "libc"
version = "0.2.62"
source = "registry+https://github.com/rust-lang/crates.io-index"

[[package]]
name = "rtlsdr"
version = "0.1.4"
source = "registry+https://github.com/rust-lang/crates.io-index"
dependencies = [
 "libc 0.2.62 (registry+https://github.com/rust-lang/crates.io-index)",
]

[[package]]
name = "sdr_api_test"
version = "0.1.0"
dependencies = [
 "rtlsdr 0.1.4 (registry+https://github.com/rust-lang/crates.io-index)",
]

[metadata]
"checksum libc 0.2.62 (registry+https://github.com/rust-lang/crates.io-index)" = "34fcd2c08d2f832f376f4173a231990fa5aef4e99fb569867318a227ef4c06ba"
"checksum rtlsdr 0.1.4 (registry+https://github.com/rust-lang/crates.io-index)" = "136ba5e46b0edd188e277916fed8f5a7f6810622ec49e03831244f79c7cdfb3e"
